
Microsoft Visual Studio Solution File, Format Version 12.00
# Visual Studio Version 16
VisualStudioVersion = 16.0.29609.76
MinimumVisualStudioVersion = 10.0.40219.1
Project("{9A19103F-16F7-4668-BE54-9A1E7A4F7556}") = "MD5 Implementation", "MD5 Implementation\MD5 Implementation.csproj", "{F6EDAB49-9C09-4631-84A6-7356CB1A3C8C}"
EndProject
Global
	GlobalSection(SolutionConfigurationPlatforms) = preSolution
		Debug|Any CPU = Debug|Any CPU
		Release|Any CPU = Release|Any CPU
	EndGlobalSection
	GlobalSection(ProjectConfigurationPlatforms) = postSolution
		{F6EDAB49-9C09-4631-84A6-7356CB1A3C8C}.Debug|Any CPU.ActiveCfg = Debug|Any CPU
		{F6EDAB49-9C09-4631-84A6-7356CB1A3C8C}.Debug|Any CPU.Build.0 = Debug|Any CPU
		{F6EDAB49-9C09-4631-84A6-7356CB1A3C8C}.Release|Any CPU.ActiveCfg = Release|Any CPU
		{F6EDAB49-9C09-4631-84A6-7356CB1A3C8C}.Release|Any CPU.Build.0 = Release|Any CPU
	EndGlobalSection
	GlobalSection(SolutionProperties) = preSolution
		HideSolutionNode = FALSE
	EndGlobalSection
	GlobalSection(ExtensibilityGlobals) = postSolution
		SolutionGuid = {4134D45A-543D-4B75-A1BA-71321577E7AA}
	EndGlobalSection
EndGlobal
